
Microsoft Visual Studio Solution File, Format Version 12.00
# Visual Studio 15
VisualStudioVersion = 15.0.28307.329
MinimumVisualStudioVersion = 10.0.40219.1
Project("{FAE04EC0-301F-11D3-BF4B-00C04F79EFBC}") = "Task2", "Task2\Task2.csproj", "{D577E7E5-5BA5-4D23-B712-98E230DBF906}"
EndProject
Global
	GlobalSection(SolutionConfigurationPlatforms) = preSolution
		Debug|Any CPU = Debug|Any CPU
		Release|Any CPU = Release|Any CPU
	EndGlobalSection
	GlobalSection(ProjectConfigurationPlatforms) = postSolution
		{D577E7E5-5BA5-4D23-B712-98E230DBF906}.Debug|Any CPU.ActiveCfg = Debug|Any CPU
		{D577E7E5-5BA5-4D23-B712-98E230DBF906}.Debug|Any CPU.Build.0 = Debug|Any CPU
		{D577E7E5-5BA5-4D23-B712-98E230DBF906}.Release|Any CPU.ActiveCfg = Release|Any CPU
		{D577E7E5-5BA5-4D23-B712-98E230DBF906}.Release|Any CPU.Build.0 = Release|Any CPU
	EndGlobalSection
	GlobalSection(SolutionProperties) = preSolution
		HideSolutionNode = FALSE
	EndGlobalSection
	GlobalSection(ExtensibilityGlobals) = postSolution
		SolutionGuid = {F53124E0-7DF6-478D-AB14-09AEA31422A4}
	EndGlobalSection
EndGlobal
